
Microsoft Visual Studio Solution File, Format Version 12.00
# Visual Studio 2012
Project("{FAE04EC0-301F-11D3-BF4B-00C04F79EFBC}") = "AndroidExample", "AndroidExample\AndroidExample.csproj", "{E09743C1-752D-44B2-AF37-3BA885F4A39C}"
EndProject
Global
	GlobalSection(SolutionConfigurationPlatforms) = preSolution
		Debug|Any CPU = Debug|Any CPU
		Release|Any CPU = Release|Any CPU
	EndGlobalSection
	GlobalSection(ProjectConfigurationPlatforms) = postSolution
		{E09743C1-752D-44B2-AF37-3BA885F4A39C}.Debug|Any CPU.ActiveCfg = Debug|Any CPU
		{E09743C1-752D-44B2-AF37-3BA885F4A39C}.Debug|Any CPU.Build.0 = Debug|Any CPU
		{E09743C1-752D-44B2-AF37-3BA885F4A39C}.Release|Any CPU.ActiveCfg = Release|Any CPU
		{E09743C1-752D-44B2-AF37-3BA885F4A39C}.Release|Any CPU.Build.0 = Release|Any CPU
	EndGlobalSection
EndGlobal
